{
    "version": 3,
    "terraform_version": "0.11.10",
    "serial": 2,
    "lineage": "3355eae7-fedc-592d-2781-4e94e374543a",
    "modules": [
        {
            "path": [
                "root"
            ],
            "outputs": {},
            "resources": {
                "aws_s3_bucket.global-tf-state": {
                    "type": "aws_s3_bucket",
                    "depends_on": [],
                    "primary": {
                        "id": "tf-global-stream-graphql-demo",
                        "attributes": {
                            "acceleration_status": "",
                            "acl": "private",
                            "arn": "arn:aws:s3:::tf-global-stream-graphql-demo",
                            "bucket": "tf-global-stream-graphql-demo",
                            "bucket_domain_name": "tf-global-stream-graphql-demo.s3.amazonaws.com",
                            "bucket_regional_domain_name": "tf-global-stream-graphql-demo.s3.us-east-2.amazonaws.com",
                            "cors_rule.#": "0",
                            "force_destroy": "false",
                            "hosted_zone_id": "Z2O1EMRO9K5GLX",
                            "id": "tf-global-stream-graphql-demo",
                            "lifecycle_rule.#": "0",
                            "logging.#": "0",
                            "region": "us-east-2",
                            "replication_configuration.#": "0",
                            "request_payer": "BucketOwner",
                            "server_side_encryption_configuration.#": "1",
                            "server_side_encryption_configuration.0.rule.#": "1",
                            "server_side_encryption_configuration.0.rule.0.apply_server_side_encryption_by_default.#": "1",
                            "server_side_encryption_configuration.0.rule.0.apply_server_side_encryption_by_default.0.kms_master_key_id": "",
                            "server_side_encryption_configuration.0.rule.0.apply_server_side_encryption_by_default.0.sse_algorithm": "AES256",
                            "tags.%": "3",
                            "tags.Environment": "OPS",
                            "tags.Managed": "Terraform v0.11.10",
                            "tags.Name": "Terraform Remote State Global",
                            "versioning.#": "1",
                            "versioning.0.enabled": "true",
                            "versioning.0.mfa_delete": "false",
                            "website.#": "0"
                        },
                        "meta": {},
                        "tainted": false
                    },
                    "deposed": [],
                    "provider": "provider.aws"
                }
            },
            "depends_on": []
        }
    ]
}
